<?xml version="1.0" encoding="utf-8"?>
<Project ToolsVersion="4.0" xmlns="http://schemas.microsoft.com/developer/msbuild/2003">
  <ItemGroup>
    <Filter Include="Portakal">
      <UniqueIdentifier>{035F1CC3-EF2B-77CE-1845-65760471AC5C}</UniqueIdentifier>
    </Filter>
  </ItemGroup>
  <ItemGroup>
    <ClInclude Include="src\Portakal.h" />
    <ClInclude Include="src\Portakal\Application.h">
      <Filter>Portakal</Filter>
    </ClInclude>
    <ClInclude Include="src\Portakal\Core.h">
      <Filter>Portakal</Filter>
    </ClInclude>
    <ClInclude Include="src\Portakal\EntryPoint.h">
      <Filter>Portakal</Filter>
    </ClInclude>
    <ClInclude Include="src\Portakal\Log.h">
      <Filter>Portakal</Filter>
    </ClInclude>
  </ItemGroup>
  <ItemGroup>
    <ClCompile Include="src\Portakal\Application.cpp">
      <Filter>Portakal</Filter>
    </ClCompile>
    <ClCompile Include="src\Portakal\Log.cpp">
      <Filter>Portakal</Filter>
    </ClCompile>
  </ItemGroup>
</Project>